
Microsoft Visual Studio Solution File, Format Version 12.00
# Visual Studio 15
VisualStudioVersion = 15.0.27004.2002
MinimumVisualStudioVersion = 10.0.40219.1
Project("{2150E333-8FDC-42A3-9474-1A3956D46DE8}") = "Solution Items", "Solution Items", "{64EF1675-FEC1-47CD-B986-81489E2FF114}"
	ProjectSection(SolutionItems) = preProject
		D:\HTMLPage2.html = D:\HTMLPage2.html
	EndProjectSection
EndProject
Global
	GlobalSection(SolutionProperties) = preSolution
		HideSolutionNode = FALSE
	EndGlobalSection
	GlobalSection(ExtensibilityGlobals) = postSolution
		SolutionGuid = {AB72AAE5-2574-4A61-9293-780D76734FE1}
	EndGlobalSection
EndGlobal
